
Microsoft Visual Studio Solution File, Format Version 12.00
# Visual Studio Version 16
VisualStudioVersion = 16.0.30611.23
MinimumVisualStudioVersion = 10.0.40219.1
Project("{9A19103F-16F7-4668-BE54-9A1E7A4F7556}") = "GLOOP", "GLOOP\GLOOP.csproj", "{137A4059-3FED-4726-947B-D0661732BF34}"
EndProject
Project("{9A19103F-16F7-4668-BE54-9A1E7A4F7556}") = "HPLEngine", "HLPEngine\HPLEngine.csproj", "{8304965A-08ED-4F0E-BE51-E47636E400B3}"
EndProject
Global
	GlobalSection(SolutionConfigurationPlatforms) = preSolution
		Beta|Any CPU = Beta|Any CPU
		Beta|x64 = Beta|x64
		Debug|Any CPU = Debug|Any CPU
		Debug|x64 = Debug|x64
		Release|Any CPU = Release|Any CPU
		Release|x64 = Release|x64
	EndGlobalSection
	GlobalSection(ProjectConfigurationPlatforms) = postSolution
		{137A4059-3FED-4726-947B-D0661732BF34}.Beta|Any CPU.ActiveCfg = Beta|Any CPU
		{137A4059-3FED-4726-947B-D0661732BF34}.Beta|Any CPU.Build.0 = Beta|Any CPU
		{137A4059-3FED-4726-947B-D0661732BF34}.Beta|x64.ActiveCfg = Beta|x64
		{137A4059-3FED-4726-947B-D0661732BF34}.Beta|x64.Build.0 = Beta|x64
		{137A4059-3FED-4726-947B-D0661732BF34}.Debug|Any CPU.ActiveCfg = Debug|Any CPU
		{137A4059-3FED-4726-947B-D0661732BF34}.Debug|Any CPU.Build.0 = Debug|Any CPU
		{137A4059-3FED-4726-947B-D0661732BF34}.Debug|x64.ActiveCfg = Debug|x64
		{137A4059-3FED-4726-947B-D0661732BF34}.Debug|x64.Build.0 = Debug|x64
		{137A4059-3FED-4726-947B-D0661732BF34}.Release|Any CPU.ActiveCfg = Release|Any CPU
		{137A4059-3FED-4726-947B-D0661732BF34}.Release|Any CPU.Build.0 = Release|Any CPU
		{137A4059-3FED-4726-947B-D0661732BF34}.Release|x64.ActiveCfg = Release|x64
		{137A4059-3FED-4726-947B-D0661732BF34}.Release|x64.Build.0 = Release|x64
		{8304965A-08ED-4F0E-BE51-E47636E400B3}.Beta|Any CPU.ActiveCfg = Beta|Any CPU
		{8304965A-08ED-4F0E-BE51-E47636E400B3}.Beta|Any CPU.Build.0 = Beta|Any CPU
		{8304965A-08ED-4F0E-BE51-E47636E400B3}.Beta|x64.ActiveCfg = Beta|x64
		{8304965A-08ED-4F0E-BE51-E47636E400B3}.Beta|x64.Build.0 = Beta|x64
		{8304965A-08ED-4F0E-BE51-E47636E400B3}.Debug|Any CPU.ActiveCfg = Debug|Any CPU
		{8304965A-08ED-4F0E-BE51-E47636E400B3}.Debug|Any CPU.Build.0 = Debug|Any CPU
		{8304965A-08ED-4F0E-BE51-E47636E400B3}.Debug|x64.ActiveCfg = Debug|x64
		{8304965A-08ED-4F0E-BE51-E47636E400B3}.Debug|x64.Build.0 = Debug|x64
		{8304965A-08ED-4F0E-BE51-E47636E400B3}.Release|Any CPU.ActiveCfg = Release|Any CPU
		{8304965A-08ED-4F0E-BE51-E47636E400B3}.Release|Any CPU.Build.0 = Release|Any CPU
		{8304965A-08ED-4F0E-BE51-E47636E400B3}.Release|x64.ActiveCfg = Release|x64
		{8304965A-08ED-4F0E-BE51-E47636E400B3}.Release|x64.Build.0 = Release|x64
	EndGlobalSection
	GlobalSection(SolutionProperties) = preSolution
		HideSolutionNode = FALSE
	EndGlobalSection
	GlobalSection(ExtensibilityGlobals) = postSolution
		SolutionGuid = {24A87887-3BAB-4C1E-86DA-98B584182551}
	EndGlobalSection
EndGlobal
