
Microsoft Visual Studio Solution File, Format Version 12.00
# Visual Studio Version 17
VisualStudioVersion = 17.2.32526.322
MinimumVisualStudioVersion = 10.0.40219.1
Project("{9A19103F-16F7-4668-BE54-9A1E7A4F7556}") = "GLOOP", "GLOOP\GLOOP.csproj", "{137A4059-3FED-4726-947B-D0661732BF34}"
EndProject
Project("{9A19103F-16F7-4668-BE54-9A1E7A4F7556}") = "HPLEngine", "HLPEngine\HPLEngine.csproj", "{8304965A-08ED-4F0E-BE51-E47636E400B3}"
EndProject
Project("{2150E333-8FDC-42A3-9474-1A3956D46DE8}") = "Tests", "Tests", "{6E56EBB7-0750-4203-A6DE-CE9300DBB2DA}"
EndProject
Project("{9A19103F-16F7-4668-BE54-9A1E7A4F7556}") = "HelloTest", "HelloTest\HelloTest.csproj", "{320AD405-E439-44ED-83AA-5733548AE2DF}"
EndProject
Project("{9A19103F-16F7-4668-BE54-9A1E7A4F7556}") = "TextureArrayTest", "TextureArrayTest\TextureArrayTest.csproj", "{FA9D1596-E467-4F82-9814-C4A1750F46ED}"
EndProject
Project("{FAE04EC0-301F-11D3-BF4B-00C04F79EFBC}") = "AnimationTest", "AnimationTest\AnimationTest.csproj", "{2EA47855-F579-41AF-B261-86B2F87B7887}"
EndProject
Global
	GlobalSection(SolutionConfigurationPlatforms) = preSolution
		Beta|Any CPU = Beta|Any CPU
		Beta|x64 = Beta|x64
		Debug|Any CPU = Debug|Any CPU
		Debug|x64 = Debug|x64
		Release|Any CPU = Release|Any CPU
		Release|x64 = Release|x64
	EndGlobalSection
	GlobalSection(ProjectConfigurationPlatforms) = postSolution
		{137A4059-3FED-4726-947B-D0661732BF34}.Beta|Any CPU.ActiveCfg = Beta|Any CPU
		{137A4059-3FED-4726-947B-D0661732BF34}.Beta|Any CPU.Build.0 = Beta|Any CPU
		{137A4059-3FED-4726-947B-D0661732BF34}.Beta|x64.ActiveCfg = Beta|x64
		{137A4059-3FED-4726-947B-D0661732BF34}.Beta|x64.Build.0 = Beta|x64
		{137A4059-3FED-4726-947B-D0661732BF34}.Debug|Any CPU.ActiveCfg = Debug|Any CPU
		{137A4059-3FED-4726-947B-D0661732BF34}.Debug|Any CPU.Build.0 = Debug|Any CPU
		{137A4059-3FED-4726-947B-D0661732BF34}.Debug|x64.ActiveCfg = Debug|x64
		{137A4059-3FED-4726-947B-D0661732BF34}.Debug|x64.Build.0 = Debug|x64
		{137A4059-3FED-4726-947B-D0661732BF34}.Release|Any CPU.ActiveCfg = Release|Any CPU
		{137A4059-3FED-4726-947B-D0661732BF34}.Release|Any CPU.Build.0 = Release|Any CPU
		{137A4059-3FED-4726-947B-D0661732BF34}.Release|x64.ActiveCfg = Release|x64
		{137A4059-3FED-4726-947B-D0661732BF34}.Release|x64.Build.0 = Release|x64
		{8304965A-08ED-4F0E-BE51-E47636E400B3}.Beta|Any CPU.ActiveCfg = Beta|Any CPU
		{8304965A-08ED-4F0E-BE51-E47636E400B3}.Beta|Any CPU.Build.0 = Beta|Any CPU
		{8304965A-08ED-4F0E-BE51-E47636E400B3}.Beta|x64.ActiveCfg = Beta|x64
		{8304965A-08ED-4F0E-BE51-E47636E400B3}.Beta|x64.Build.0 = Beta|x64
		{8304965A-08ED-4F0E-BE51-E47636E400B3}.Debug|Any CPU.ActiveCfg = Debug|Any CPU
		{8304965A-08ED-4F0E-BE51-E47636E400B3}.Debug|Any CPU.Build.0 = Debug|Any CPU
		{8304965A-08ED-4F0E-BE51-E47636E400B3}.Debug|x64.ActiveCfg = Debug|x64
		{8304965A-08ED-4F0E-BE51-E47636E400B3}.Debug|x64.Build.0 = Debug|x64
		{8304965A-08ED-4F0E-BE51-E47636E400B3}.Release|Any CPU.ActiveCfg = Release|Any CPU
		{8304965A-08ED-4F0E-BE51-E47636E400B3}.Release|Any CPU.Build.0 = Release|Any CPU
		{8304965A-08ED-4F0E-BE51-E47636E400B3}.Release|x64.ActiveCfg = Release|x64
		{8304965A-08ED-4F0E-BE51-E47636E400B3}.Release|x64.Build.0 = Release|x64
		{320AD405-E439-44ED-83AA-5733548AE2DF}.Beta|Any CPU.ActiveCfg = Debug|Any CPU
		{320AD405-E439-44ED-83AA-5733548AE2DF}.Beta|Any CPU.Build.0 = Debug|Any CPU
		{320AD405-E439-44ED-83AA-5733548AE2DF}.Beta|x64.ActiveCfg = Debug|Any CPU
		{320AD405-E439-44ED-83AA-5733548AE2DF}.Beta|x64.Build.0 = Debug|Any CPU
		{320AD405-E439-44ED-83AA-5733548AE2DF}.Debug|Any CPU.ActiveCfg = Debug|Any CPU
		{320AD405-E439-44ED-83AA-5733548AE2DF}.Debug|Any CPU.Build.0 = Debug|Any CPU
		{320AD405-E439-44ED-83AA-5733548AE2DF}.Debug|x64.ActiveCfg = Debug|Any CPU
		{320AD405-E439-44ED-83AA-5733548AE2DF}.Debug|x64.Build.0 = Debug|Any CPU
		{320AD405-E439-44ED-83AA-5733548AE2DF}.Release|Any CPU.ActiveCfg = Release|Any CPU
		{320AD405-E439-44ED-83AA-5733548AE2DF}.Release|Any CPU.Build.0 = Release|Any CPU
		{320AD405-E439-44ED-83AA-5733548AE2DF}.Release|x64.ActiveCfg = Release|Any CPU
		{320AD405-E439-44ED-83AA-5733548AE2DF}.Release|x64.Build.0 = Release|Any CPU
		{FA9D1596-E467-4F82-9814-C4A1750F46ED}.Beta|Any CPU.ActiveCfg = Debug|Any CPU
		{FA9D1596-E467-4F82-9814-C4A1750F46ED}.Beta|Any CPU.Build.0 = Debug|Any CPU
		{FA9D1596-E467-4F82-9814-C4A1750F46ED}.Beta|x64.ActiveCfg = Debug|Any CPU
		{FA9D1596-E467-4F82-9814-C4A1750F46ED}.Beta|x64.Build.0 = Debug|Any CPU
		{FA9D1596-E467-4F82-9814-C4A1750F46ED}.Debug|Any CPU.ActiveCfg = Debug|Any CPU
		{FA9D1596-E467-4F82-9814-C4A1750F46ED}.Debug|Any CPU.Build.0 = Debug|Any CPU
		{FA9D1596-E467-4F82-9814-C4A1750F46ED}.Debug|x64.ActiveCfg = Debug|Any CPU
		{FA9D1596-E467-4F82-9814-C4A1750F46ED}.Debug|x64.Build.0 = Debug|Any CPU
		{FA9D1596-E467-4F82-9814-C4A1750F46ED}.Release|Any CPU.ActiveCfg = Release|Any CPU
		{FA9D1596-E467-4F82-9814-C4A1750F46ED}.Release|Any CPU.Build.0 = Release|Any CPU
		{FA9D1596-E467-4F82-9814-C4A1750F46ED}.Release|x64.ActiveCfg = Release|Any CPU
		{FA9D1596-E467-4F82-9814-C4A1750F46ED}.Release|x64.Build.0 = Release|Any CPU
		{2EA47855-F579-41AF-B261-86B2F87B7887}.Beta|Any CPU.ActiveCfg = Debug|Any CPU
		{2EA47855-F579-41AF-B261-86B2F87B7887}.Beta|Any CPU.Build.0 = Debug|Any CPU
		{2EA47855-F579-41AF-B261-86B2F87B7887}.Beta|x64.ActiveCfg = Debug|Any CPU
		{2EA47855-F579-41AF-B261-86B2F87B7887}.Beta|x64.Build.0 = Debug|Any CPU
		{2EA47855-F579-41AF-B261-86B2F87B7887}.Debug|Any CPU.ActiveCfg = Debug|Any CPU
		{2EA47855-F579-41AF-B261-86B2F87B7887}.Debug|Any CPU.Build.0 = Debug|Any CPU
		{2EA47855-F579-41AF-B261-86B2F87B7887}.Debug|x64.ActiveCfg = Debug|Any CPU
		{2EA47855-F579-41AF-B261-86B2F87B7887}.Debug|x64.Build.0 = Debug|Any CPU
		{2EA47855-F579-41AF-B261-86B2F87B7887}.Release|Any CPU.ActiveCfg = Release|Any CPU
		{2EA47855-F579-41AF-B261-86B2F87B7887}.Release|Any CPU.Build.0 = Release|Any CPU
		{2EA47855-F579-41AF-B261-86B2F87B7887}.Release|x64.ActiveCfg = Release|Any CPU
		{2EA47855-F579-41AF-B261-86B2F87B7887}.Release|x64.Build.0 = Release|Any CPU
	EndGlobalSection
	GlobalSection(SolutionProperties) = preSolution
		HideSolutionNode = FALSE
	EndGlobalSection
	GlobalSection(NestedProjects) = preSolution
		{320AD405-E439-44ED-83AA-5733548AE2DF} = {6E56EBB7-0750-4203-A6DE-CE9300DBB2DA}
		{FA9D1596-E467-4F82-9814-C4A1750F46ED} = {6E56EBB7-0750-4203-A6DE-CE9300DBB2DA}
		{2EA47855-F579-41AF-B261-86B2F87B7887} = {6E56EBB7-0750-4203-A6DE-CE9300DBB2DA}
	EndGlobalSection
	GlobalSection(ExtensibilityGlobals) = postSolution
		SolutionGuid = {24A87887-3BAB-4C1E-86DA-98B584182551}
	EndGlobalSection
EndGlobal
